
Microsoft Visual Studio Solution File, Format Version 12.00
# Visual Studio Version 17
VisualStudioVersion = 17.4.33205.214
MinimumVisualStudioVersion = 10.0.40219.1
Project("{9A19103F-16F7-4668-BE54-9A1E7A4F7556}") = "CavendishBanana", "CavendishBanana.csproj", "{29EA778D-875F-4297-99DC-74DC42CE59FB}"
EndProject
Global
	GlobalSection(SolutionConfigurationPlatforms) = preSolution
		Debug|Any CPU = Debug|Any CPU
		Release|Any CPU = Release|Any CPU
	EndGlobalSection
	GlobalSection(ProjectConfigurationPlatforms) = postSolution
		{29EA778D-875F-4297-99DC-74DC42CE59FB}.Debug|Any CPU.ActiveCfg = Debug|Any CPU
		{29EA778D-875F-4297-99DC-74DC42CE59FB}.Debug|Any CPU.Build.0 = Debug|Any CPU
		{29EA778D-875F-4297-99DC-74DC42CE59FB}.Release|Any CPU.ActiveCfg = Release|Any CPU
		{29EA778D-875F-4297-99DC-74DC42CE59FB}.Release|Any CPU.Build.0 = Release|Any CPU
	EndGlobalSection
	GlobalSection(SolutionProperties) = preSolution
		HideSolutionNode = FALSE
	EndGlobalSection
	GlobalSection(ExtensibilityGlobals) = postSolution
		SolutionGuid = {261036D8-CE68-4E02-83BE-9E877429CBA3}
	EndGlobalSection
EndGlobal
